
Microsoft Visual Studio Solution File, Format Version 12.00
# Visual Studio Version 16
VisualStudioVersion = 16.0.31605.320
MinimumVisualStudioVersion = 10.0.40219.1
Project("{9A19103F-16F7-4668-BE54-9A1E7A4F7556}") = "DoverTechExercise", "DoverTest\DoverTechExercise.csproj", "{7A3C1902-5FEE-4305-B268-5D532A34E843}"
EndProject
Project("{FAE04EC0-301F-11D3-BF4B-00C04F79EFBC}") = "DoverTechExercise.Tests", "DoverTechExercise.Tests\DoverTechExercise.Tests.csproj", "{EBFA397A-F746-41A8-8007-D8D13131F636}"
EndProject
Global
	GlobalSection(SolutionConfigurationPlatforms) = preSolution
		Debug|Any CPU = Debug|Any CPU
		Release|Any CPU = Release|Any CPU
	EndGlobalSection
	GlobalSection(ProjectConfigurationPlatforms) = postSolution
		{7A3C1902-5FEE-4305-B268-5D532A34E843}.Debug|Any CPU.ActiveCfg = Debug|Any CPU
		{7A3C1902-5FEE-4305-B268-5D532A34E843}.Debug|Any CPU.Build.0 = Debug|Any CPU
		{7A3C1902-5FEE-4305-B268-5D532A34E843}.Release|Any CPU.ActiveCfg = Release|Any CPU
		{7A3C1902-5FEE-4305-B268-5D532A34E843}.Release|Any CPU.Build.0 = Release|Any CPU
		{EBFA397A-F746-41A8-8007-D8D13131F636}.Debug|Any CPU.ActiveCfg = Debug|Any CPU
		{EBFA397A-F746-41A8-8007-D8D13131F636}.Debug|Any CPU.Build.0 = Debug|Any CPU
		{EBFA397A-F746-41A8-8007-D8D13131F636}.Release|Any CPU.ActiveCfg = Release|Any CPU
		{EBFA397A-F746-41A8-8007-D8D13131F636}.Release|Any CPU.Build.0 = Release|Any CPU
	EndGlobalSection
	GlobalSection(SolutionProperties) = preSolution
		HideSolutionNode = FALSE
	EndGlobalSection
	GlobalSection(ExtensibilityGlobals) = postSolution
		SolutionGuid = {DF8B1E56-78CE-4D41-B3F0-A11889EF11EF}
	EndGlobalSection
EndGlobal
